
Microsoft Visual Studio Solution File, Format Version 12.00
# Visual Studio Version 17
VisualStudioVersion = 17.3.32901.215
MinimumVisualStudioVersion = 10.0.40219.1
Project("{8BC9CEB8-8B4A-11D0-8D11-00A0C91BC942}") = "测试", "测试\测试.vcxproj", "{83B0E6CA-E2DF-42ED-994F-2097D98E79A3}"
EndProject
Global
	GlobalSection(SolutionConfigurationPlatforms) = preSolution
		Debug|x64 = Debug|x64
		Debug|x86 = Debug|x86
		Release|x64 = Release|x64
		Release|x86 = Release|x86
	EndGlobalSection
	GlobalSection(ProjectConfigurationPlatforms) = postSolution
		{83B0E6CA-E2DF-42ED-994F-2097D98E79A3}.Debug|x64.ActiveCfg = Debug|x64
		{83B0E6CA-E2DF-42ED-994F-2097D98E79A3}.Debug|x64.Build.0 = Debug|x64
		{83B0E6CA-E2DF-42ED-994F-2097D98E79A3}.Debug|x86.ActiveCfg = Debug|Win32
		{83B0E6CA-E2DF-42ED-994F-2097D98E79A3}.Debug|x86.Build.0 = Debug|Win32
		{83B0E6CA-E2DF-42ED-994F-2097D98E79A3}.Release|x64.ActiveCfg = Release|x64
		{83B0E6CA-E2DF-42ED-994F-2097D98E79A3}.Release|x64.Build.0 = Release|x64
		{83B0E6CA-E2DF-42ED-994F-2097D98E79A3}.Release|x86.ActiveCfg = Release|Win32
		{83B0E6CA-E2DF-42ED-994F-2097D98E79A3}.Release|x86.Build.0 = Release|Win32
	EndGlobalSection
	GlobalSection(SolutionProperties) = preSolution
		HideSolutionNode = FALSE
	EndGlobalSection
	GlobalSection(ExtensibilityGlobals) = postSolution
		SolutionGuid = {8D6B3289-1E76-4037-852C-2A7B06635489}
	EndGlobalSection
EndGlobal
